
Microsoft Visual Studio Solution File, Format Version 12.00
# Visual Studio Version 17
VisualStudioVersion = 17.7.34031.279
MinimumVisualStudioVersion = 10.0.40219.1
Project("{9A19103F-16F7-4668-BE54-9A1E7A4F7556}") = "Task_1", "Skillbox\Task_1.csproj", "{FCC1FD81-1811-4B78-933E-D5353A488F19}"
EndProject
Project("{FAE04EC0-301F-11D3-BF4B-00C04F79EFBC}") = "Task_2", "Task_2\Task_2.csproj", "{B4785C64-AE0A-477E-9906-D07ED1161198}"
EndProject
Project("{FAE04EC0-301F-11D3-BF4B-00C04F79EFBC}") = "Task_3", "Task_3\Task_3.csproj", "{21ACA5F4-3B8E-4D57-8849-FD99D22E8A74}"
EndProject
Project("{FAE04EC0-301F-11D3-BF4B-00C04F79EFBC}") = "Task_4", "Task_4\Task_4.csproj", "{7613CA23-5CDD-4C11-AA27-1B8ACBB18EEB}"
EndProject
Project("{FAE04EC0-301F-11D3-BF4B-00C04F79EFBC}") = "Task_5", "Task_5\Task_5.csproj", "{100C754E-7044-4765-A444-F658C635C6F3}"
EndProject
Global
	GlobalSection(SolutionConfigurationPlatforms) = preSolution
		Debug|Any CPU = Debug|Any CPU
		Release|Any CPU = Release|Any CPU
	EndGlobalSection
	GlobalSection(ProjectConfigurationPlatforms) = postSolution
		{FCC1FD81-1811-4B78-933E-D5353A488F19}.Debug|Any CPU.ActiveCfg = Debug|Any CPU
		{FCC1FD81-1811-4B78-933E-D5353A488F19}.Debug|Any CPU.Build.0 = Debug|Any CPU
		{FCC1FD81-1811-4B78-933E-D5353A488F19}.Release|Any CPU.ActiveCfg = Release|Any CPU
		{FCC1FD81-1811-4B78-933E-D5353A488F19}.Release|Any CPU.Build.0 = Release|Any CPU
		{B4785C64-AE0A-477E-9906-D07ED1161198}.Debug|Any CPU.ActiveCfg = Debug|Any CPU
		{B4785C64-AE0A-477E-9906-D07ED1161198}.Debug|Any CPU.Build.0 = Debug|Any CPU
		{B4785C64-AE0A-477E-9906-D07ED1161198}.Release|Any CPU.ActiveCfg = Release|Any CPU
		{B4785C64-AE0A-477E-9906-D07ED1161198}.Release|Any CPU.Build.0 = Release|Any CPU
		{21ACA5F4-3B8E-4D57-8849-FD99D22E8A74}.Debug|Any CPU.ActiveCfg = Debug|Any CPU
		{21ACA5F4-3B8E-4D57-8849-FD99D22E8A74}.Debug|Any CPU.Build.0 = Debug|Any CPU
		{21ACA5F4-3B8E-4D57-8849-FD99D22E8A74}.Release|Any CPU.ActiveCfg = Release|Any CPU
		{21ACA5F4-3B8E-4D57-8849-FD99D22E8A74}.Release|Any CPU.Build.0 = Release|Any CPU
		{7613CA23-5CDD-4C11-AA27-1B8ACBB18EEB}.Debug|Any CPU.ActiveCfg = Debug|Any CPU
		{7613CA23-5CDD-4C11-AA27-1B8ACBB18EEB}.Debug|Any CPU.Build.0 = Debug|Any CPU
		{7613CA23-5CDD-4C11-AA27-1B8ACBB18EEB}.Release|Any CPU.ActiveCfg = Release|Any CPU
		{7613CA23-5CDD-4C11-AA27-1B8ACBB18EEB}.Release|Any CPU.Build.0 = Release|Any CPU
		{100C754E-7044-4765-A444-F658C635C6F3}.Debug|Any CPU.ActiveCfg = Debug|Any CPU
		{100C754E-7044-4765-A444-F658C635C6F3}.Debug|Any CPU.Build.0 = Debug|Any CPU
		{100C754E-7044-4765-A444-F658C635C6F3}.Release|Any CPU.ActiveCfg = Release|Any CPU
		{100C754E-7044-4765-A444-F658C635C6F3}.Release|Any CPU.Build.0 = Release|Any CPU
	EndGlobalSection
	GlobalSection(SolutionProperties) = preSolution
		HideSolutionNode = FALSE
	EndGlobalSection
	GlobalSection(ExtensibilityGlobals) = postSolution
		SolutionGuid = {4B59E136-8668-4B3D-84CF-2662A2CC16E7}
	EndGlobalSection
EndGlobal
